# THIS IS AN AUTOGENERATED FILE. DO NOT EDIT THIS FILE DIRECTLY.
# yarn lockfile v1


bigint-crypto-utils@^2.4.2:
  version "2.4.2"
  resolved "https://registry.yarnpkg.com/bigint-crypto-utils/-/bigint-crypto-utils-2.4.2.tgz#8283ed1c39418397b0b6a3f0614fee404f616e1f"
  integrity sha512-Az6XRIuWXz8We/2ckE1vFxRblrHM83tJzDR2yYnNgOZLoRyInHic43NIIC1oWew2vsyGHiloukjad/3tGyI3Vg==

lodash@^4.17.15:
  version "4.17.19"
  resolved "https://registry.yarnpkg.com/lodash/-/lodash-4.17.19.tgz#e48ddedbe30b3321783c5b4301fbd353bc1e4a4b"
  integrity sha512-JNvd8XER9GQX0v2qJgsaN/mzFCNA5BRe/j8JN9d+tWyGLSodKQHKFicdwNYzWwI3wjRnaKPsGj1XkBjx/F96DQ==
