# THIS IS AN AUTOGENERATED FILE. DO NOT EDIT THIS FILE DIRECTLY.
# yarn lockfile v1


bigint-crypto-utils@^2.4.2:
  version "2.4.2"
  resolved "https://registry.yarnpkg.com/bigint-crypto-utils/-/bigint-crypto-utils-2.4.2.tgz#8283ed1c39418397b0b6a3f0614fee404f616e1f"
  integrity sha512-Az6XRIuWXz8We/2ckE1vFxRblrHM83tJzDR2yYnNgOZLoRyInHic43NIIC1oWew2vsyGHiloukjad/3tGyI3Vg==

lodash@^4.17.15:
  version "4.17.15"
  resolved "https://registry.yarnpkg.com/lodash/-/lodash-4.17.15.tgz#b447f6670a0455bbfeedd11392eff330ea097548"
  integrity sha512-8xOcRHvCjnocdS5cpwXQXVzmmh5e5+saE2QGoeQmbKmRS6J3VQppPOIt0MnmE+4xlZoumy0GPG0D0MVIQbNA1A==
